
Microsoft Visual Studio Solution File, Format Version 12.00
# Visual Studio 14
VisualStudioVersion = 14.0.25123.0
MinimumVisualStudioVersion = 10.0.40219.1
Project("{FAE04EC0-301F-11D3-BF4B-00C04F79EFBC}") = "asp_mvc_2", "asp_mvc_2\asp_mvc_2.csproj", "{B28F281B-24B0-47F1-8BE4-EC6E51D8F2EE}"
EndProject
Global
	GlobalSection(SolutionConfigurationPlatforms) = preSolution
		Debug|Any CPU = Debug|Any CPU
		Release|Any CPU = Release|Any CPU
	EndGlobalSection
	GlobalSection(ProjectConfigurationPlatforms) = postSolution
		{B28F281B-24B0-47F1-8BE4-EC6E51D8F2EE}.Debug|Any CPU.ActiveCfg = Debug|Any CPU
		{B28F281B-24B0-47F1-8BE4-EC6E51D8F2EE}.Debug|Any CPU.Build.0 = Debug|Any CPU
		{B28F281B-24B0-47F1-8BE4-EC6E51D8F2EE}.Release|Any CPU.ActiveCfg = Release|Any CPU
		{B28F281B-24B0-47F1-8BE4-EC6E51D8F2EE}.Release|Any CPU.Build.0 = Release|Any CPU
	EndGlobalSection
	GlobalSection(SolutionProperties) = preSolution
		HideSolutionNode = FALSE
	EndGlobalSection
EndGlobal
